// !$*UTF8*$!
{
	archiveVersion = 1;
	classes = {
	};
	objectVersion = 46;
	objects = {

/* Begin PBXBuildFile section */
		D78465681EBCADF900A54D81 /* AppDelegate.swift in Sources */ = {isa = PBXBuildFile; fileRef = D78465671EBCADF900A54D81 /* AppDelegate.swift */; };
		D784656A1EBCADF900A54D81 /* ViewController.swift in Sources */ = {isa = PBXBuildFile; fileRef = D78465691EBCADF900A54D81 /* ViewController.swift */; };
		D784656D1EBCADF900A54D81 /* Main.storyboard in Resources */ = {isa = PBXBuildFile; fileRef = D784656B1EBCADF900A54D81 /* Main.storyboard */; };
		D78465701EBCADF900A54D81 /* SwiftReactNativeIntegrationDemo.xcdatamodeld in Sources */ = {isa = PBXBuildFile; fileRef = D784656E1EBCADF900A54D81 /* SwiftReactNativeIntegrationDemo.xcdatamodeld */; };
		D78465721EBCADF900A54D81 /* Assets.xcassets in Resources */ = {isa = PBXBuildFile; fileRef = D78465711EBCADF900A54D81 /* Assets.xcassets */; };
		D78465751EBCADF900A54D81 /* LaunchScreen.storyboard in Resources */ = {isa = PBXBuildFile; fileRef = D78465731EBCADF900A54D81 /* LaunchScreen.storyboard */; };
		EC5C710F944C2EC2EC4C9E16 /* Pods_SwiftReactNativeIntegrationDemo.framework in Frameworks */ = {isa = PBXBuildFile; fileRef = 2C406E4EF5855B1FA68DE7FB /* Pods_SwiftReactNativeIntegrationDemo.framework */; };
/* End PBXBuildFile section */

/* Begin PBXFileReference section */
		2C406E4EF5855B1FA68DE7FB /* Pods_SwiftReactNativeIntegrationDemo.framework */ = {isa = PBXFileReference; explicitFileType = wrapper.framework; includeInIndex = 0; path = Pods_SwiftReactNativeIntegrationDemo.framework; sourceTree = BUILT_PRODUCTS_DIR; };
		4277A2FB0BBF648D516B1FAD /* Pods-SwiftReactNativeIntegrationDemo.release.xcconfig */ = {isa = PBXFileReference; includeInIndex = 1; lastKnownFileType = text.xcconfig; name = "Pods-SwiftReactNativeIntegrationDemo.release.xcconfig"; path = "Pods/Target Support Files/Pods-SwiftReactNativeIntegrationDemo/Pods-SwiftReactNativeIntegrationDemo.release.xcconfig"; sourceTree = "<group>"; };
		D038BBD69C8DFB145E9C5E32 /* Pods-SwiftReactNativeIntegrationDemo.debug.xcconfig */ = {isa = PBXFileReference; includeInIndex = 1; lastKnownFileType = text.xcconfig; name = "Pods-SwiftReactNativeIntegrationDemo.debug.xcconfig"; path = "Pods/Target Support Files/Pods-SwiftReactNativeIntegrationDemo/Pods-SwiftReactNativeIntegrationDemo.debug.xcconfig"; sourceTree = "<group>"; };
		D78465641EBCADF900A54D81 /* SwiftReactNativeIntegrationDemo.app */ = {isa = PBXFileReference; explicitFileType = wrapper.application; includeInIndex = 0; path = SwiftReactNativeIntegrationDemo.app; sourceTree = BUILT_PRODUCTS_DIR; };
		D78465671EBCADF900A54D81 /* AppDelegate.swift */ = {isa = PBXFileReference; lastKnownFileType = sourcecode.swift; path = AppDelegate.swift; sourceTree = "<group>"; };
		D78465691EBCADF900A54D81 /* ViewController.swift */ = {isa = PBXFileReference; lastKnownFileType = sourcecode.swift; path = ViewController.swift; sourceTree = "<group>"; };
		D784656C1EBCADF900A54D81 /* Base */ = {isa = PBXFileReference; lastKnownFileType = file.storyboard; name = Base; path = Base.lproj/Main.storyboard; sourceTree = "<group>"; };
		D784656F1EBCADF900A54D81 /* SwiftReactNativeIntegrationDemo.xcdatamodel */ = {isa = PBXFileReference; lastKnownFileType = wrapper.xcdatamodel; path = SwiftReactNativeIntegrationDemo.xcdatamodel; sourceTree = "<group>"; };
		D78465711EBCADF900A54D81 /* Assets.xcassets */ = {isa = PBXFileReference; lastKnownFileType = folder.assetcatalog; path = Assets.xcassets; sourceTree = "<group>"; };
		D78465741EBCADF900A54D81 /* Base */ = {isa = PBXFileReference; lastKnownFileType = file.storyboard; name = Base; path = Base.lproj/LaunchScreen.storyboard; sourceTree = "<group>"; };
		D78465761EBCADF900A54D81 /* Info.plist */ = {isa = PBXFileReference; lastKnownFileType = text.plist.xml; path = Info.plist; sourceTree = "<group>"; };
/* End PBXFileReference section */

/* Begin PBXFrameworksBuildPhase section */
		D78465611EBCADF900A54D81 /* Frameworks */ = {
			isa = PBXFrameworksBuildPhase;
			buildActionMask = 2147483647;
			files = (
				EC5C710F944C2EC2EC4C9E16 /* Pods_SwiftReactNativeIntegrationDemo.framework in Frameworks */,
			);
			runOnlyForDeploymentPostprocessing = 0;
		};
/* End PBXFrameworksBuildPhase section */

/* Begin PBXGroup section */
		3EE339350E3A8508E81C946D /* Frameworks */ = {
			isa = PBXGroup;
			children = (
				2C406E4EF5855B1FA68DE7FB /* Pods_SwiftReactNativeIntegrationDemo.framework */,
			);
			name = Frameworks;
			sourceTree = "<group>";
		};
		56F04BEC169FBD5DD25A03F4 /* Pods */ = {
			isa = PBXGroup;
			children = (
				D038BBD69C8DFB145E9C5E32 /* Pods-SwiftReactNativeIntegrationDemo.debug.xcconfig */,
				4277A2FB0BBF648D516B1FAD /* Pods-SwiftReactNativeIntegrationDemo.release.xcconfig */,
			);
			name = Pods;
			sourceTree = "<group>";
		};
		D74729AD1EBCD1C800F9A7CC /* ReactComponents */ = {
			isa = PBXGroup;
			children = (
			);
			name = ReactComponents;
			sourceTree = "<group>";
		};
		D784655B1EBCADF900A54D81 = {
			isa = PBXGroup;
			children = (
				D74729AD1EBCD1C800F9A7CC /* ReactComponents */,
				D78465661EBCADF900A54D81 /* SwiftReactNativeIntegrationDemo */,
				D78465651EBCADF900A54D81 /* Products */,
				56F04BEC169FBD5DD25A03F4 /* Pods */,
				3EE339350E3A8508E81C946D /* Frameworks */,
			);
			sourceTree = "<group>";
		};
		D78465651EBCADF900A54D81 /* Products */ = {
			isa = PBXGroup;
			children = (
				D78465641EBCADF900A54D81 /* SwiftReactNativeIntegrationDemo.app */,
			);
			name = Products;
			sourceTree = "<group>";
		};
		D78465661EBCADF900A54D81 /* SwiftReactNativeIntegrationDemo */ = {
			isa = PBXGroup;
			children = (
				D78465671EBCADF900A54D81 /* AppDelegate.swift */,
				D78465691EBCADF900A54D81 /* ViewController.swift */,
				D784656B1EBCADF900A54D81 /* Main.storyboard */,
				D78465711EBCADF900A54D81 /* Assets.xcassets */,
				D78465731EBCADF900A54D81 /* LaunchScreen.storyboard */,
				D78465761EBCADF900A54D81 /* Info.plist */,
				D784656E1EBCADF900A54D81 /* SwiftReactNativeIntegrationDemo.xcdatamodeld */,
			);
			path = SwiftReactNativeIntegrationDemo;
			sourceTree = "<group>";
		};
/* End PBXGroup section */

/* Begin PBXNativeTarget section */
		D78465631EBCADF900A54D81 /* SwiftReactNativeIntegrationDemo */ = {
			isa = PBXNativeTarget;
			buildConfigurationList = D78465791EBCADF900A54D81 /* Build configuration list for PBXNativeTarget "SwiftReactNativeIntegrationDemo" */;
			buildPhases = (
				1B68A2204F1332F133ED7953 /* [CP] Check Pods Manifest.lock */,
				D78465601EBCADF900A54D81 /* Sources */,
				D78465611EBCADF900A54D81 /* Frameworks */,
				D78465621EBCADF900A54D81 /* Resources */,
				E0A99BBE89D9766281F59A6C /* [CP] Embed Pods Frameworks */,
				96CBAF68F335FB7391CC615E /* [CP] Copy Pods Resources */,
			);
			buildRules = (
			);
			dependencies = (
			);
			name = SwiftReactNativeIntegrationDemo;
			productName = SwiftReactNativeIntegrationDemo;
			productReference = D78465641EBCADF900A54D81 /* SwiftReactNativeIntegrationDemo.app */;
			productType = "com.apple.product-type.application";
		};
/* End PBXNativeTarget section */

/* Begin PBXProject section */
		D784655C1EBCADF900A54D81 /* Project object */ = {
			isa = PBXProject;
			attributes = {
				LastSwiftUpdateCheck = 0830;
				LastUpgradeCheck = 0830;
				ORGANIZATIONNAME = SchedulingPlus;
				TargetAttributes = {
					D78465631EBCADF900A54D81 = {
						CreatedOnToolsVersion = 8.3;
						DevelopmentTeam = UVWJ7745V6;
						ProvisioningStyle = Automatic;
					};
				};
			};
			buildConfigurationList = D784655F1EBCADF900A54D81 /* Build configuration list for PBXProject "SwiftReactNativeIntegrationDemo" */;
			compatibilityVersion = "Xcode 3.2";
			developmentRegion = English;
			hasScannedForEncodings = 0;
			knownRegions = (
				en,
				Base,
			);
			mainGroup = D784655B1EBCADF900A54D81;
			productRefGroup = D78465651EBCADF900A54D81 /* Products */;
			projectDirPath = "";
			projectRoot = "";
			targets = (
				D78465631EBCADF900A54D81 /* SwiftReactNativeIntegrationDemo */,
			);
		};
/* End PBXProject section */

/* Begin PBXResourcesBuildPhase section */
		D78465621EBCADF900A54D81 /* Resources */ = {
			isa = PBXResourcesBuildPhase;
			buildActionMask = 2147483647;
			files = (
				D78465751EBCADF900A54D81 /* LaunchScreen.storyboard in Resources */,
				D78465721EBCADF900A54D81 /* Assets.xcassets in Resources */,
				D784656D1EBCADF900A54D81 /* Main.storyboard in Resources */,
			);
			runOnlyForDeploymentPostprocessing = 0;
		};
/* End PBXResourcesBuildPhase section */

/* Begin PBXShellScriptBuildPhase section */
		1B68A2204F1332F133ED7953 /* [CP] Check Pods Manifest.lock */ = {
			isa = PBXShellScriptBuildPhase;
			buildActionMask = 2147483647;
			files = (
			);
			inputPaths = (
			);
			name = "[CP] Check Pods Manifest.lock";
			outputPaths = (
			);
			runOnlyForDeploymentPostprocessing = 0;
			shellPath = /bin/sh;
			shellScript = "diff \"${PODS_PODFILE_DIR_PATH}/Podfile.lock\" \"${PODS_ROOT}/Manifest.lock\" > /dev/null\nif [ $? != 0 ] ; then\n    # print error to STDERR\n    echo \"error: The sandbox is not in sync with the Podfile.lock. Run 'pod install' or update your CocoaPods installation.\" >&2\n    exit 1\nfi\n";
			showEnvVarsInLog = 0;
		};
		96CBAF68F335FB7391CC615E /* [CP] Copy Pods Resources */ = {
			isa = PBXShellScriptBuildPhase;
			buildActionMask = 2147483647;
			files = (
			);
			inputPaths = (
			);
			name = "[CP] Copy Pods Resources";
			outputPaths = (
			);
			runOnlyForDeploymentPostprocessing = 0;
			shellPath = /bin/sh;
			shellScript = "\"${SRCROOT}/Pods/Target Support Files/Pods-SwiftReactNativeIntegrationDemo/Pods-SwiftReactNativeIntegrationDemo-resources.sh\"\n";
			showEnvVarsInLog = 0;
		};
		E0A99BBE89D9766281F59A6C /* [CP] Embed Pods Frameworks */ = {
			isa = PBXShellScriptBuildPhase;
			buildActionMask = 2147483647;
			files = (
			);
			inputPaths = (
			);
			name = "[CP] Embed Pods Frameworks";
			outputPaths = (
			);
			runOnlyForDeploymentPostprocessing = 0;
			shellPath = /bin/sh;
			shellScript = "\"${SRCROOT}/Pods/Target Support Files/Pods-SwiftReactNativeIntegrationDemo/Pods-SwiftReactNativeIntegrationDemo-frameworks.sh\"\n";
			showEnvVarsInLog = 0;
		};
/* End PBXShellScriptBuildPhase section */

/* Begin PBXSourcesBuildPhase section */
		D78465601EBCADF900A54D81 /* Sources */ = {
			isa = PBXSourcesBuildPhase;
			buildActionMask = 2147483647;
			files = (
				D78465701EBCADF900A54D81 /* SwiftReactNativeIntegrationDemo.xcdatamodeld in Sources */,
				D784656A1EBCADF900A54D81 /* ViewController.swift in Sources */,
				D78465681EBCADF900A54D81 /* AppDelegate.swift in Sources */,
			);
			runOnlyForDeploymentPostprocessing = 0;
		};
/* End PBXSourcesBuildPhase section */

/* Begin PBXVariantGroup section */
		D784656B1EBCADF900A54D81 /* Main.storyboard */ = {
			isa = PBXVariantGroup;
			children = (
				D784656C1EBCADF900A54D81 /* Base */,
			);
			name = Main.storyboard;
			sourceTree = "<group>";
		};
		D78465731EBCADF900A54D81 /* LaunchScreen.storyboard */ = {
			isa = PBXVariantGroup;
			children = (
				D78465741EBCADF900A54D81 /* Base */,
			);
			name = LaunchScreen.storyboard;
			sourceTree = "<group>";
		};
/* End PBXVariantGroup section */

/* Begin XCBuildConfiguration section */
		D78465771EBCADF900A54D81 /* Debug */ = {
			isa = XCBuildConfiguration;
			buildSettings = {
				ALWAYS_SEARCH_USER_PATHS = NO;
				CLANG_ANALYZER_NONNULL = YES;
				CLANG_ANALYZER_NUMBER_OBJECT_CONVERSION = YES_AGGRESSIVE;
				CLANG_CXX_LANGUAGE_STANDARD = "gnu++0x";
				CLANG_CXX_LIBRARY = "libc++";
				CLANG_ENABLE_MODULES = YES;
				CLANG_ENABLE_OBJC_ARC = YES;
				CLANG_WARN_BOOL_CONVERSION = YES;
				CLANG_WARN_CONSTANT_CONVERSION = YES;
				CLANG_WARN_DIRECT_OBJC_ISA_USAGE = YES_ERROR;
				CLANG_WARN_DOCUMENTATION_COMMENTS = YES;
				CLANG_WARN_EMPTY_BODY = YES;
				CLANG_WARN_ENUM_CONVERSION = YES;
				CLANG_WARN_INFINITE_RECURSION = YES;
				CLANG_WARN_INT_CONVERSION = YES;
				CLANG_WARN_OBJC_ROOT_CLASS = YES_ERROR;
				CLANG_WARN_SUSPICIOUS_MOVE = YES;
				CLANG_WARN_UNREACHABLE_CODE = YES;
				CLANG_WARN__DUPLICATE_METHOD_MATCH = YES;
				"CODE_SIGN_IDENTITY[sdk=iphoneos*]" = "iPhone Developer";
				COPY_PHASE_STRIP = NO;
				DEBUG_INFORMATION_FORMAT = dwarf;
				ENABLE_STRICT_OBJC_MSGSEND = YES;
				ENABLE_TESTABILITY = YES;
				GCC_C_LANGUAGE_STANDARD = gnu99;
				GCC_DYNAMIC_NO_PIC = NO;
				GCC_NO_COMMON_BLOCKS = YES;
				GCC_OPTIMIZATION_LEVEL = 0;
				GCC_PREPROCESSOR_DEFINITIONS = (
					"DEBUG=1",
					"$(inherited)",
				);
				GCC_WARN_64_TO_32_BIT_CONVERSION = YES;
				GCC_WARN_ABOUT_RETURN_TYPE = YES_ERROR;
				GCC_WARN_UNDECLARED_SELECTOR = YES;
				GCC_WARN_UNINITIALIZED_AUTOS = YES_AGGRESSIVE;
				GCC_WARN_UNUSED_FUNCTION = YES;
				GCC_WARN_UNUSED_VARIABLE = YES;
				IPHONEOS_DEPLOYMENT_TARGET = 10.3;
				MTL_ENABLE_DEBUG_INFO = YES;
				ONLY_ACTIVE_ARCH = YES;
				SDKROOT = iphoneos;
				SWIFT_ACTIVE_COMPILATION_CONDITIONS = DEBUG;
				SWIFT_OPTIMIZATION_LEVEL = "-Onone";
				TARGETED_DEVICE_FAMILY = "1,2";
			};
			name = Debug;
		};
		D78465781EBCADF900A54D81 /* Release */ = {
			isa = XCBuildConfiguration;
			buildSettings = {
				ALWAYS_SEARCH_USER_PATHS = NO;
				CLANG_ANALYZER_NONNULL = YES;
				CLANG_ANALYZER_NUMBER_OBJECT_CONVERSION = YES_AGGRESSIVE;
				CLANG_CXX_LANGUAGE_STANDARD = "gnu++0x";
				CLANG_CXX_LIBRARY = "libc++";
				CLANG_ENABLE_MODULES = YES;
				CLANG_ENABLE_OBJC_ARC = YES;
				CLANG_WARN_BOOL_CONVERSION = YES;
				CLANG_WARN_CONSTANT_CONVERSION = YES;
				CLANG_WARN_DIRECT_OBJC_ISA_USAGE = YES_ERROR;
				CLANG_WARN_DOCUMENTATION_COMMENTS = YES;
				CLANG_WARN_EMPTY_BODY = YES;
				CLANG_WARN_ENUM_CONVERSION = YES;
				CLANG_WARN_INFINITE_RECURSION = YES;
				CLANG_WARN_INT_CONVERSION = YES;
				CLANG_WARN_OBJC_ROOT_CLASS = YES_ERROR;
				CLANG_WARN_SUSPICIOUS_MOVE = YES;
				CLANG_WARN_UNREACHABLE_CODE = YES;
				CLANG_WARN__DUPLICATE_METHOD_MATCH = YES;
				"CODE_SIGN_IDENTITY[sdk=iphoneos*]" = "iPhone Developer";
				COPY_PHASE_STRIP = NO;
				DEBUG_INFORMATION_FORMAT = "dwarf-with-dsym";
				ENABLE_NS_ASSERTIONS = NO;
				ENABLE_STRICT_OBJC_MSGSEND = YES;
				GCC_C_LANGUAGE_STANDARD = gnu99;
				GCC_NO_COMMON_BLOCKS = YES;
				GCC_WARN_64_TO_32_BIT_CONVERSION = YES;
				GCC_WARN_ABOUT_RETURN_TYPE = YES_ERROR;
				GCC_WARN_UNDECLARED_SELECTOR = YES;
				GCC_WARN_UNINITIALIZED_AUTOS = YES_AGGRESSIVE;
				GCC_WARN_UNUSED_FUNCTION = YES;
				GCC_WARN_UNUSED_VARIABLE = YES;
				IPHONEOS_DEPLOYMENT_TARGET = 10.3;
				MTL_ENABLE_DEBUG_INFO = NO;
				SDKROOT = iphoneos;
				SWIFT_OPTIMIZATION_LEVEL = "-Owholemodule";
				TARGETED_DEVICE_FAMILY = "1,2";
				VALIDATE_PRODUCT = YES;
			};
			name = Release;
		};
		D784657A1EBCADF900A54D81 /* Debug */ = {
			isa = XCBuildConfiguration;
			baseConfigurationReference = D038BBD69C8DFB145E9C5E32 /* Pods-SwiftReactNativeIntegrationDemo.debug.xcconfig */;
			buildSettings = {
				ASSETCATALOG_COMPILER_APPICON_NAME = AppIcon;
				DEVELOPMENT_TEAM = UVWJ7745V6;
				INFOPLIST_FILE = SwiftReactNativeIntegrationDemo/Info.plist;
				LD_RUNPATH_SEARCH_PATHS = "$(inherited) @executable_path/Frameworks";
				PRODUCT_BUNDLE_IDENTIFIER = SchedulingPlus.SwiftReactNativeIntegrationDemo;
				PRODUCT_NAME = "$(TARGET_NAME)";
				SWIFT_VERSION = 3.0;
			};
			name = Debug;
		};
		D784657B1EBCADF900A54D81 /* Release */ = {
			isa = XCBuildConfiguration;
			baseConfigurationReference = 4277A2FB0BBF648D516B1FAD /* Pods-SwiftReactNativeIntegrationDemo.release.xcconfig */;
			buildSettings = {
				ASSETCATALOG_COMPILER_APPICON_NAME = AppIcon;
				DEVELOPMENT_TEAM = UVWJ7745V6;
				INFOPLIST_FILE = SwiftReactNativeIntegrationDemo/Info.plist;
				LD_RUNPATH_SEARCH_PATHS = "$(inherited) @executable_path/Frameworks";
				PRODUCT_BUNDLE_IDENTIFIER = SchedulingPlus.SwiftReactNativeIntegrationDemo;
				PRODUCT_NAME = "$(TARGET_NAME)";
				SWIFT_VERSION = 3.0;
			};
			name = Release;
		};
/* End XCBuildConfiguration section */

/* Begin XCConfigurationList section */
		D784655F1EBCADF900A54D81 /* Build configuration list for PBXProject "SwiftReactNativeIntegrationDemo" */ = {
			isa = XCConfigurationList;
			buildConfigurations = (
				D78465771EBCADF900A54D81 /* Debug */,
				D78465781EBCADF900A54D81 /* Release */,
			);
			defaultConfigurationIsVisible = 0;
			defaultConfigurationName = Release;
		};
		D78465791EBCADF900A54D81 /* Build configuration list for PBXNativeTarget "SwiftReactNativeIntegrationDemo" */ = {
			isa = XCConfigurationList;
			buildConfigurations = (
				D784657A1EBCADF900A54D81 /* Debug */,
				D784657B1EBCADF900A54D81 /* Release */,
			);
			defaultConfigurationIsVisible = 0;
			defaultConfigurationName = Release;
		};
/* End XCConfigurationList section */

/* Begin XCVersionGroup section */
		D784656E1EBCADF900A54D81 /* SwiftReactNativeIntegrationDemo.xcdatamodeld */ = {
			isa = XCVersionGroup;
			children = (
				D784656F1EBCADF900A54D81 /* SwiftReactNativeIntegrationDemo.xcdatamodel */,
			);
			currentVersion = D784656F1EBCADF900A54D81 /* SwiftReactNativeIntegrationDemo.xcdatamodel */;
			path = SwiftReactNativeIntegrationDemo.xcdatamodeld;
			sourceTree = "<group>";
			versionGroupType = wrapper.xcdatamodel;
		};
/* End XCVersionGroup section */
	};
	rootObject = D784655C1EBCADF900A54D81 /* Project object */;
}
